# THIS IS AN AUTOGENERATED FILE. DO NOT EDIT THIS FILE DIRECTLY.
# yarn lockfile v1


"@license-cop/isc-test-package@latest":
  version "0.0.1"
  resolved "https://registry.yarnpkg.com/@license-cop/isc-test-package/-/isc-test-package-0.0.1.tgz#425d9ce8feceeb8dfca232e8d7913d2c0742bfe7"
  integrity sha512-nLSQxLS1DM2V+i0EbYL6NQ3D2JeHrHr/6hcq6xvNEYIdYPz+GOlfDXMojdL53IZ9+lEDWtR26Nv9vx/egwqa/A==

"@license-cop/uses-isc-test-package@^0.0.1":
  version "0.0.1"
  resolved "https://registry.yarnpkg.com/@license-cop/uses-isc-test-package/-/uses-isc-test-package-0.0.1.tgz#600f5ce5db82cf795b2a98d5c316ba7af752b3d7"
  integrity sha512-dAx/ZSUzmXoCUM6hHlikUu9XeA5xmDJQZ5FnQrq8joocKCOY7fX+69F+x6LJUlxzP66q7RrrfCW0oA8VCRH4HQ==
  dependencies:
    "@license-cop/isc-test-package" latest
