# THIS IS AN AUTOGENERATED FILE. DO NOT EDIT THIS FILE DIRECTLY.
# yarn lockfile v1


"@license-cop/mit-test-package@4.5.6":
  version "4.5.6"
  resolved "https://registry.yarnpkg.com/@license-cop/mit-test-package/-/mit-test-package-4.5.6.tgz#3f28a73950a7589fd4549a2012bdc0ab54cb36f7"
  integrity sha512-fb/pwsS3MsNRKfWq5TKX9zDdwbqTn4hbHvMAC43hyGyggrHfwWD5dChrlKJRqiDFbo5zUIXUQdWCb8mnHa7OQA==
