{
  "name": "should-fail-when-a-package-has-no-license",
  "version": "0.0.0",
  "lockfileVersion": 2,
  "requires": true,
  "packages": {
    "": {
      "name": "should-fail-when-a-package-has-no-license",
      "version": "0.0.0",
      "dependencies": {
        "@license-cop/no-license-test-package": "0.0.1"
      },
      "devDependencies": {
        "license-cop": "file:../../../dist/packages/license-cop"
      }
    },
    "../../../dist/packages/license-cop": {
      "version": "0.0.0",
      "dev": true,
      "license": "ISC",
      "dependencies": {
        "@npmcli/arborist": "6.2.5",
        "arg": "5.0.2",
        "axios": "1.3.4",
        "compare-versions": "6.0.0-rc.1",
        "cosmiconfig": "8.1.3",
        "deepmerge": "4.3.1",
        "git-filesystem": "0.0.2",
        "json5": "2.2.3",
        "zod": "3.21.4"
      },
      "bin": {
        "license-cop": "src/bin/license-cop"
      },
      "peerDependencies": {
        "@swc/helpers": "0.5.1"
      }
    },
    "node_modules/@license-cop/no-license-test-package": {
      "version": "0.0.1",
      "resolved": "https://registry.npmjs.org/@license-cop/no-license-test-package/-/no-license-test-package-0.0.1.tgz",
      "integrity": "sha512-RqBNetn5H6A5Qm/+INyUxz3hwXVWDLcpcB4E6VFfK+7wtKpawWqrLbFOyH+r5CdzkMBGDyOD6RNbCc3qPl458A=="
    },
    "node_modules/license-cop": {
      "resolved": "../../../dist/packages/license-cop",
      "link": true
    }
  },
  "dependencies": {
    "@license-cop/no-license-test-package": {
      "version": "0.0.1",
      "resolved": "https://registry.npmjs.org/@license-cop/no-license-test-package/-/no-license-test-package-0.0.1.tgz",
      "integrity": "sha512-RqBNetn5H6A5Qm/+INyUxz3hwXVWDLcpcB4E6VFfK+7wtKpawWqrLbFOyH+r5CdzkMBGDyOD6RNbCc3qPl458A=="
    },
    "license-cop": {
      "version": "file:../../../dist/packages/license-cop",
      "requires": {
        "@npmcli/arborist": "6.2.5",
        "arg": "5.0.2",
        "axios": "1.3.4",
        "compare-versions": "6.0.0-rc.1",
        "cosmiconfig": "8.1.3",
        "deepmerge": "4.3.1",
        "git-filesystem": "0.0.2",
        "json5": "2.2.3",
        "zod": "3.21.4"
      }
    }
  }
}
