{
  "name": "should-fail-when-a-package-is-out-of-its-semver-range",
  "version": "0.0.0",
  "lockfileVersion": 2,
  "requires": true,
  "packages": {
    "": {
      "name": "should-fail-when-a-package-is-out-of-its-semver-range",
      "version": "0.0.0",
      "dependencies": {
        "isc-dependency": "file:../../dependencies/isc",
        "mit-dependency": "file:../../dependencies/mit"
      },
      "devDependencies": {
        "license-cop": "file:../../../dist/packages/license-cop"
      }
    },
    "../../../dist/packages/license-cop": {
      "version": "0.0.0",
      "dev": true,
      "license": "ISC",
      "dependencies": {
        "@npmcli/arborist": "6.2.5",
        "arg": "5.0.2",
        "axios": "1.3.4",
        "compare-versions": "6.0.0-rc.1",
        "cosmiconfig": "8.1.3",
        "deepmerge": "4.3.1",
        "git-filesystem": "0.0.2",
        "json5": "2.2.3",
        "zod": "3.21.4"
      },
      "bin": {
        "license-cop": "src/bin/license-cop"
      },
      "peerDependencies": {
        "@swc/helpers": "0.4.14"
      }
    },
    "../../dependencies/isc": {
      "name": "isc-dependency",
      "version": "1.2.3",
      "license": "ISC"
    },
    "../../dependencies/mit": {
      "name": "mit-dependency",
      "version": "4.5.6",
      "license": "MIT"
    },
    "node_modules/isc-dependency": {
      "resolved": "../../dependencies/isc",
      "link": true
    },
    "node_modules/license-cop": {
      "resolved": "../../../dist/packages/license-cop",
      "link": true
    },
    "node_modules/mit-dependency": {
      "resolved": "../../dependencies/mit",
      "link": true
    }
  },
  "dependencies": {
    "isc-dependency": {
      "version": "file:../../dependencies/isc"
    },
    "license-cop": {
      "version": "file:../../../dist/packages/license-cop",
      "requires": {
        "@npmcli/arborist": "6.2.5",
        "arg": "5.0.2",
        "axios": "1.3.4",
        "compare-versions": "6.0.0-rc.1",
        "cosmiconfig": "8.1.3",
        "deepmerge": "4.3.1",
        "git-filesystem": "0.0.2",
        "json5": "2.2.3",
        "zod": "3.21.4"
      }
    },
    "mit-dependency": {
      "version": "file:../../dependencies/mit"
    }
  }
}
