# THIS IS AN AUTOGENERATED FILE. DO NOT EDIT THIS FILE DIRECTLY.
# yarn lockfile v1


"@license-cop/unlicensed-test-package@0.0.1":
  version "0.0.1"
  resolved "https://registry.yarnpkg.com/@license-cop/unlicensed-test-package/-/unlicensed-test-package-0.0.1.tgz#4092198d25fdeb8308c2ef0080bf1b324685d125"
  integrity sha512-/KxxCmodLBGkoQxJ9eI0donPd1OVy14+2PjO7Ezavek53l2ryst8wuuzhd+ts4V6Sfmc1d0eSIbcBOkxMDwdOQ==
