# THIS IS AN AUTOGENERATED FILE. DO NOT EDIT THIS FILE DIRECTLY.
# yarn lockfile v1


"@license-cop/isc-legacy-test-package@0.0.1":
  version "0.0.1"
  resolved "https://registry.yarnpkg.com/@license-cop/isc-legacy-test-package/-/isc-legacy-test-package-0.0.1.tgz#e6e9f2e14415460af76309e3f0e54c6c691a45c6"
  integrity sha512-ZX+T5L8i7eB3dl5VaLVSOLUG9mOzf7sV2Rn8a+aYsqcNM23MgBDbd23AyZ4rhHkU/ZmJ7nkfuC9SqwBMdFHWJg==
