{
  "name": "should-pass-when-a-package-uses-the-legacy-licenses-field",
  "version": "0.0.0",
  "lockfileVersion": 3,
  "requires": true,
  "packages": {
    "": {
      "name": "should-pass-when-a-package-uses-the-legacy-licenses-field",
      "version": "0.0.0",
      "dependencies": {
        "@license-cop/isc-legacy-test-package": "0.0.1"
      },
      "devDependencies": {
        "license-cop": "file:../../../dist/packages/license-cop"
      }
    },
    "../../../dist/packages/license-cop": {
      "version": "0.0.0",
      "dev": true,
      "license": "ISC",
      "dependencies": {
        "@npmcli/arborist": "6.2.5",
        "arg": "5.0.2",
        "axios": "1.3.4",
        "compare-versions": "6.0.0-rc.1",
        "cosmiconfig": "8.1.3",
        "deepmerge": "4.3.1",
        "git-filesystem": "0.0.2",
        "json5": "2.2.3",
        "zod": "3.21.4"
      },
      "bin": {
        "license-cop": "src/bin/license-cop"
      },
      "peerDependencies": {
        "@swc/helpers": "0.4.14"
      }
    },
    "node_modules/@license-cop/isc-legacy-test-package": {
      "version": "0.0.1",
      "resolved": "https://registry.npmjs.org/@license-cop/isc-legacy-test-package/-/isc-legacy-test-package-0.0.1.tgz",
      "integrity": "sha512-ZX+T5L8i7eB3dl5VaLVSOLUG9mOzf7sV2Rn8a+aYsqcNM23MgBDbd23AyZ4rhHkU/ZmJ7nkfuC9SqwBMdFHWJg=="
    },
    "node_modules/license-cop": {
      "resolved": "../../../dist/packages/license-cop",
      "link": true
    }
  }
}
