{
  "name": "should-pass-when-a-package-is-specified-with-a-tilde",
  "version": "0.0.0",
  "lockfileVersion": 3,
  "requires": true,
  "packages": {
    "": {
      "name": "should-pass-when-a-package-is-specified-with-a-tilde",
      "version": "0.0.0",
      "dependencies": {
        "@license-cop/mit-test-package": "4.5.6"
      },
      "devDependencies": {
        "license-cop": "file:../../../dist/packages/license-cop"
      }
    },
    "../../../dist/packages/license-cop": {
      "version": "0.0.0",
      "dev": true,
      "license": "ISC",
      "dependencies": {
        "@npmcli/arborist": "6.2.5",
        "arg": "5.0.2",
        "axios": "1.3.4",
        "compare-versions": "6.0.0-rc.1",
        "cosmiconfig": "8.1.3",
        "deepmerge": "4.3.1",
        "git-filesystem": "0.0.2",
        "json5": "2.2.3",
        "zod": "3.21.4"
      },
      "bin": {
        "license-cop": "src/bin/license-cop"
      },
      "peerDependencies": {
        "@swc/helpers": "0.5.1"
      }
    },
    "node_modules/@license-cop/mit-test-package": {
      "version": "4.5.6",
      "resolved": "https://registry.npmjs.org/@license-cop/mit-test-package/-/mit-test-package-4.5.6.tgz",
      "integrity": "sha512-fb/pwsS3MsNRKfWq5TKX9zDdwbqTn4hbHvMAC43hyGyggrHfwWD5dChrlKJRqiDFbo5zUIXUQdWCb8mnHa7OQA=="
    },
    "node_modules/license-cop": {
      "resolved": "../../../dist/packages/license-cop",
      "link": true
    }
  }
}
