# This file is generated by running "yarn install" inside your project.
# Manual changes might be lost - proceed with caution!

__metadata:
  version: 8
  cacheKey: 10

"@license-cop/isc-test-package@npm:latest":
  version: 0.0.1
  resolution: "@license-cop/isc-test-package@npm:0.0.1"
  checksum: 8/21978ea00c57061901179bd03923c1194480967745a6d74f9b9bc4875f8d336f8e7aadf72e6a484c1581a0ef8fed079306a6a4327142926e5d9dc7845be3745e
  languageName: node
  linkType: hard

"@license-cop/mit-test-package@npm:4.5.6":
  version: 4.5.6
  resolution: "@license-cop/mit-test-package@npm:4.5.6"
  checksum: 8/a47cfa535d0d2fddc74131ed41a406bafd53ab41aafbbfa637b855144fe1c626866feaec51dc78839db66cfe68af40cf69093899c8d8fa17edef0b0b3fb3bd01
  languageName: node
  linkType: hard

"should-fail-when-a-package-is-out-of-its-semver-range@workspace:.":
  version: 0.0.0-use.local
  resolution: "should-fail-when-a-package-is-out-of-its-semver-range@workspace:."
  dependencies:
    "@license-cop/isc-test-package": "npm:latest"
    "@license-cop/mit-test-package": "npm:4.5.6"
  peerDependencies:
    "@swc/helpers": "*"
  languageName: unknown
  linkType: soft
