# THIS IS AN AUTOGENERATED FILE. DO NOT EDIT THIS FILE DIRECTLY.
# yarn lockfile v1


"@license-cop/no-license-test-package@0.0.1":
  version "0.0.1"
  resolved "https://registry.yarnpkg.com/@license-cop/no-license-test-package/-/no-license-test-package-0.0.1.tgz#ffcb006c5de2a3f9eca0b2fdd41dbaec371679af"
  integrity sha512-RqBNetn5H6A5Qm/+INyUxz3hwXVWDLcpcB4E6VFfK+7wtKpawWqrLbFOyH+r5CdzkMBGDyOD6RNbCc3qPl458A==
