{
  "name": "should-fail-when-the-license-of-a-dep-of-a-dep-is-missing",
  "version": "0.0.0",
  "lockfileVersion": 3,
  "requires": true,
  "packages": {
    "": {
      "name": "should-fail-when-the-license-of-a-dep-of-a-dep-is-missing",
      "version": "0.0.0",
      "dependencies": {
        "@license-cop/uses-isc-test-package": "latest"
      },
      "devDependencies": {
        "license-cop": "file:../../../dist/packages/license-cop"
      }
    },
    "../../../dist/packages/license-cop": {
      "version": "0.0.0",
      "dev": true,
      "license": "ISC",
      "dependencies": {
        "@npmcli/arborist": "6.2.5",
        "arg": "5.0.2",
        "axios": "1.3.4",
        "compare-versions": "6.0.0-rc.1",
        "cosmiconfig": "8.1.3",
        "deepmerge": "4.3.1",
        "git-filesystem": "0.0.2",
        "json5": "2.2.3",
        "zod": "3.21.4"
      },
      "bin": {
        "license-cop": "src/bin/license-cop"
      },
      "peerDependencies": {
        "@swc/helpers": "0.5.1"
      }
    },
    "node_modules/@license-cop/isc-test-package": {
      "version": "0.0.1",
      "resolved": "https://registry.npmjs.org/@license-cop/isc-test-package/-/isc-test-package-0.0.1.tgz",
      "integrity": "sha512-nLSQxLS1DM2V+i0EbYL6NQ3D2JeHrHr/6hcq6xvNEYIdYPz+GOlfDXMojdL53IZ9+lEDWtR26Nv9vx/egwqa/A=="
    },
    "node_modules/@license-cop/uses-isc-test-package": {
      "version": "0.0.1",
      "resolved": "https://registry.npmjs.org/@license-cop/uses-isc-test-package/-/uses-isc-test-package-0.0.1.tgz",
      "integrity": "sha512-dAx/ZSUzmXoCUM6hHlikUu9XeA5xmDJQZ5FnQrq8joocKCOY7fX+69F+x6LJUlxzP66q7RrrfCW0oA8VCRH4HQ==",
      "dependencies": {
        "@license-cop/isc-test-package": "latest"
      }
    },
    "node_modules/license-cop": {
      "resolved": "../../../dist/packages/license-cop",
      "link": true
    }
  }
}
